
Microsoft Visual Studio Solution File, Format Version 12.00
# Visual Studio Version 17
VisualStudioVersion = 17.4.33213.308
MinimumVisualStudioVersion = 10.0.40219.1
Project("{FAE04EC0-301F-11D3-BF4B-00C04F79EFBC}") = "WCF.SampleService", "WCF.SampleService\WCF.SampleService.csproj", "{4A08E345-4F8C-4A94-A425-77DA643EA818}"
EndProject
Project("{FAE04EC0-301F-11D3-BF4B-00C04F79EFBC}") = "WCF.SampleService.Test", "WCF.SampleService.Test\WCF.SampleService.Test.csproj", "{0572863F-4DE6-4FDB-A330-A8479EB08BB9}"
EndProject
Global
	GlobalSection(SolutionConfigurationPlatforms) = preSolution
		Debug|Any CPU = Debug|Any CPU
		Release|Any CPU = Release|Any CPU
	EndGlobalSection
	GlobalSection(ProjectConfigurationPlatforms) = postSolution
		{4A08E345-4F8C-4A94-A425-77DA643EA818}.Debug|Any CPU.ActiveCfg = Debug|Any CPU
		{4A08E345-4F8C-4A94-A425-77DA643EA818}.Debug|Any CPU.Build.0 = Debug|Any CPU
		{4A08E345-4F8C-4A94-A425-77DA643EA818}.Release|Any CPU.ActiveCfg = Release|Any CPU
		{4A08E345-4F8C-4A94-A425-77DA643EA818}.Release|Any CPU.Build.0 = Release|Any CPU
		{0572863F-4DE6-4FDB-A330-A8479EB08BB9}.Debug|Any CPU.ActiveCfg = Debug|Any CPU
		{0572863F-4DE6-4FDB-A330-A8479EB08BB9}.Debug|Any CPU.Build.0 = Debug|Any CPU
		{0572863F-4DE6-4FDB-A330-A8479EB08BB9}.Release|Any CPU.ActiveCfg = Release|Any CPU
		{0572863F-4DE6-4FDB-A330-A8479EB08BB9}.Release|Any CPU.Build.0 = Release|Any CPU
	EndGlobalSection
	GlobalSection(SolutionProperties) = preSolution
		HideSolutionNode = FALSE
	EndGlobalSection
	GlobalSection(ExtensibilityGlobals) = postSolution
		SolutionGuid = {E55ED415-A2D0-484A-AE3F-2B6A2EF74AD6}
	EndGlobalSection
EndGlobal
